
Microsoft Visual Studio Solution File, Format Version 12.00
# Visual Studio Version 16
VisualStudioVersion = 16.0.29613.14
MinimumVisualStudioVersion = 10.0.40219.1
Project("{9A19103F-16F7-4668-BE54-9A1E7A4F7556}") = "CRUD com banco de dados", "CRUD com banco de dados.csproj", "{EE9F3369-009C-4922-A676-270948B8FFB0}"
EndProject
Global
	GlobalSection(SolutionConfigurationPlatforms) = preSolution
		Debug|Any CPU = Debug|Any CPU
		Release|Any CPU = Release|Any CPU
	EndGlobalSection
	GlobalSection(ProjectConfigurationPlatforms) = postSolution
		{EE9F3369-009C-4922-A676-270948B8FFB0}.Debug|Any CPU.ActiveCfg = Debug|Any CPU
		{EE9F3369-009C-4922-A676-270948B8FFB0}.Debug|Any CPU.Build.0 = Debug|Any CPU
		{EE9F3369-009C-4922-A676-270948B8FFB0}.Release|Any CPU.ActiveCfg = Release|Any CPU
		{EE9F3369-009C-4922-A676-270948B8FFB0}.Release|Any CPU.Build.0 = Release|Any CPU
	EndGlobalSection
	GlobalSection(SolutionProperties) = preSolution
		HideSolutionNode = FALSE
	EndGlobalSection
	GlobalSection(ExtensibilityGlobals) = postSolution
		SolutionGuid = {681A92B6-ED2F-4BFA-8E0F-6C1A2CDF1E55}
	EndGlobalSection
EndGlobal
